<?xml version="1.0" encoding="utf-8"?>
<Project ToolsVersion="4.0" xmlns="http://schemas.microsoft.com/developer/msbuild/2003">
  <ItemGroup>
    <Filter Include="Source Files">
      <UniqueIdentifier>{4FC737F1-C7A5-4376-A066-2A32D752A2FF}</UniqueIdentifier>
      <Extensions>cpp;c;cc;cxx;def;odl;idl;hpj;bat;asm;asmx</Extensions>
    </Filter>
    <Filter Include="Header Files">
      <UniqueIdentifier>{93995380-89BD-4b04-88EB-625FBE52EBFB}</UniqueIdentifier>
      <Extensions>h;hh;hpp;hxx;hm;inl;inc;xsd</Extensions>
    </Filter>
    <Filter Include="Resource Files">
      <UniqueIdentifier>{67DA6AB6-F800-4c08-8B7A-83BB121AAD01}</UniqueIdentifier>
      <Extensions>rc;ico;cur;bmp;dlg;rc2;rct;bin;rgs;gif;jpg;jpeg;jpe;resx;tiff;tif;png;wav;mfcribbon-ms</Extensions>
    </Filter>
  </ItemGroup>
  <ItemGroup>
    <ClInclude Include="include\hl7parser\alloc.h">
      <Filter>Header Files</Filter>
    </ClInclude>
    <ClInclude Include="include\hl7parser\bool.h">
      <Filter>Header Files</Filter>
    </ClInclude>
    <ClInclude Include="include\hl7parser\buffer.h">
      <Filter>Header Files</Filter>
    </ClInclude>
    <ClInclude Include="include\hl7parser\cbparser.h">
      <Filter>Header Files</Filter>
    </ClInclude>
    <ClInclude Include="include\hl7parser\config.h">
      <Filter>Header Files</Filter>
    </ClInclude>
    <ClInclude Include="include\hl7parser\defs.h">
      <Filter>Header Files</Filter>
    </ClInclude>
    <ClInclude Include="include\hl7parser\element.h">
      <Filter>Header Files</Filter>
    </ClInclude>
    <ClInclude Include="include\hl7parser\error.h">
      <Filter>Header Files</Filter>
    </ClInclude>
    <ClInclude Include="include\hl7parser\export.h">
      <Filter>Header Files</Filter>
    </ClInclude>
    <ClInclude Include="include\hl7parser\format.h">
      <Filter>Header Files</Filter>
    </ClInclude>
    <ClInclude Include="include\hl7parser\handler.h">
      <Filter>Header Files</Filter>
    </ClInclude>
    <ClInclude Include="include\hl7parser\lexer.h">
      <Filter>Header Files</Filter>
    </ClInclude>
    <ClInclude Include="include\hl7parser\message.h">
      <Filter>Header Files</Filter>
    </ClInclude>
    <ClInclude Include="include\hl7parser\node.h">
      <Filter>Header Files</Filter>
    </ClInclude>
    <ClInclude Include="include\hl7parser\parser.h">
      <Filter>Header Files</Filter>
    </ClInclude>
    <ClInclude Include="include\hl7parser\seg_aut.h">
      <Filter>Header Files</Filter>
    </ClInclude>
    <ClInclude Include="include\hl7parser\seg_dg1.h">
      <Filter>Header Files</Filter>
    </ClInclude>
    <ClInclude Include="include\hl7parser\seg_dsc.h">
      <Filter>Header Files</Filter>
    </ClInclude>
    <ClInclude Include="include\hl7parser\seg_dsp.h">
      <Filter>Header Files</Filter>
    </ClInclude>
    <ClInclude Include="include\hl7parser\seg_err.h">
      <Filter>Header Files</Filter>
    </ClInclude>
    <ClInclude Include="include\hl7parser\seg_evn.h">
      <Filter>Header Files</Filter>
    </ClInclude>
    <ClInclude Include="include\hl7parser\seg_in1.h">
      <Filter>Header Files</Filter>
    </ClInclude>
    <ClInclude Include="include\hl7parser\seg_msa.h">
      <Filter>Header Files</Filter>
    </ClInclude>
    <ClInclude Include="include\hl7parser\seg_msh.h">
      <Filter>Header Files</Filter>
    </ClInclude>
    <ClInclude Include="include\hl7parser\seg_nte.h">
      <Filter>Header Files</Filter>
    </ClInclude>
    <ClInclude Include="include\hl7parser\seg_pid.h">
      <Filter>Header Files</Filter>
    </ClInclude>
    <ClInclude Include="include\hl7parser\seg_pr1.h">
      <Filter>Header Files</Filter>
    </ClInclude>
    <ClInclude Include="include\hl7parser\seg_prd.h">
      <Filter>Header Files</Filter>
    </ClInclude>
    <ClInclude Include="include\hl7parser\seg_pv1.h">
      <Filter>Header Files</Filter>
    </ClInclude>
    <ClInclude Include="include\hl7parser\seg_pv2.h">
      <Filter>Header Files</Filter>
    </ClInclude>
    <ClInclude Include="include\hl7parser\seg_qak.h">
      <Filter>Header Files</Filter>
    </ClInclude>
    <ClInclude Include="include\hl7parser\seg_qpd_q15.h">
      <Filter>Header Files</Filter>
    </ClInclude>
    <ClInclude Include="include\hl7parser\seg_rcp.h">
      <Filter>Header Files</Filter>
    </ClInclude>
    <ClInclude Include="include\hl7parser\seg_rf1.h">
      <Filter>Header Files</Filter>
    </ClInclude>
    <ClInclude Include="include\hl7parser\seg_zau.h">
      <Filter>Header Files</Filter>
    </ClInclude>
    <ClInclude Include="include\hl7parser\seg_zin.h">
      <Filter>Header Files</Filter>
    </ClInclude>
    <ClInclude Include="include\hl7parser\segdefs.h">
      <Filter>Header Files</Filter>
    </ClInclude>
    <ClInclude Include="include\hl7parser\segment.h">
      <Filter>Header Files</Filter>
    </ClInclude>
    <ClInclude Include="include\hl7parser\settings.h">
      <Filter>Header Files</Filter>
    </ClInclude>
    <ClInclude Include="include\hl7parser\sprint.h">
      <Filter>Header Files</Filter>
    </ClInclude>
    <ClInclude Include="include\hl7parser\stack.h">
      <Filter>Header Files</Filter>
    </ClInclude>
    <ClInclude Include="include\hl7parser\token.h">
      <Filter>Header Files</Filter>
    </ClInclude>
  </ItemGroup>
  <ItemGroup>
    <ClCompile Include="src\alloc.c">
      <Filter>Source Files</Filter>
    </ClCompile>
    <ClCompile Include="src\buffer.c">
      <Filter>Source Files</Filter>
    </ClCompile>
    <ClCompile Include="src\cbparser.c">
      <Filter>Source Files</Filter>
    </ClCompile>
    <ClCompile Include="src\element.c">
      <Filter>Source Files</Filter>
    </ClCompile>
    <ClCompile Include="src\format.c">
      <Filter>Source Files</Filter>
    </ClCompile>
    <ClCompile Include="src\handler.c">
      <Filter>Source Files</Filter>
    </ClCompile>
    <ClCompile Include="src\lexer.c">
      <Filter>Source Files</Filter>
    </ClCompile>
    <ClCompile Include="src\message.c">
      <Filter>Source Files</Filter>
    </ClCompile>
    <ClCompile Include="src\node.c">
      <Filter>Source Files</Filter>
    </ClCompile>
    <ClCompile Include="src\parser.c">
      <Filter>Source Files</Filter>
    </ClCompile>
    <ClCompile Include="src\seg_aut.c">
      <Filter>Source Files</Filter>
    </ClCompile>
    <ClCompile Include="src\seg_dg1.c">
      <Filter>Source Files</Filter>
    </ClCompile>
    <ClCompile Include="src\seg_dsc.c">
      <Filter>Source Files</Filter>
    </ClCompile>
    <ClCompile Include="src\seg_dsp.c">
      <Filter>Source Files</Filter>
    </ClCompile>
    <ClCompile Include="src\seg_err.c">
      <Filter>Source Files</Filter>
    </ClCompile>
    <ClCompile Include="src\seg_evn.c">
      <Filter>Source Files</Filter>
    </ClCompile>
    <ClCompile Include="src\seg_in1.c">
      <Filter>Source Files</Filter>
    </ClCompile>
    <ClCompile Include="src\seg_msa.c">
      <Filter>Source Files</Filter>
    </ClCompile>
    <ClCompile Include="src\seg_msh.c">
      <Filter>Source Files</Filter>
    </ClCompile>
    <ClCompile Include="src\seg_nte.c">
      <Filter>Source Files</Filter>
    </ClCompile>
    <ClCompile Include="src\seg_pid.c">
      <Filter>Source Files</Filter>
    </ClCompile>
    <ClCompile Include="src\seg_pr1.c">
      <Filter>Source Files</Filter>
    </ClCompile>
    <ClCompile Include="src\seg_prd.c">
      <Filter>Source Files</Filter>
    </ClCompile>
    <ClCompile Include="src\seg_pv1.c">
      <Filter>Source Files</Filter>
    </ClCompile>
    <ClCompile Include="src\seg_pv2.c">
      <Filter>Source Files</Filter>
    </ClCompile>
    <ClCompile Include="src\seg_qak.c">
      <Filter>Source Files</Filter>
    </ClCompile>
    <ClCompile Include="src\seg_qpd_q15.c">
      <Filter>Source Files</Filter>
    </ClCompile>
    <ClCompile Include="src\seg_rcp.c">
      <Filter>Source Files</Filter>
    </ClCompile>
    <ClCompile Include="src\seg_rf1.c">
      <Filter>Source Files</Filter>
    </ClCompile>
    <ClCompile Include="src\seg_zau.c">
      <Filter>Source Files</Filter>
    </ClCompile>
    <ClCompile Include="src\seg_zin.c">
      <Filter>Source Files</Filter>
    </ClCompile>
    <ClCompile Include="src\segdefs.c">
      <Filter>Source Files</Filter>
    </ClCompile>
    <ClCompile Include="src\segment.c">
      <Filter>Source Files</Filter>
    </ClCompile>
    <ClCompile Include="src\settings.c">
      <Filter>Source Files</Filter>
    </ClCompile>
    <ClCompile Include="src\sprint.c">
      <Filter>Source Files</Filter>
    </ClCompile>
    <ClCompile Include="src\stack.c">
      <Filter>Source Files</Filter>
    </ClCompile>
    <ClCompile Include="src\token.c">
      <Filter>Source Files</Filter>
    </ClCompile>
  </ItemGroup>
</Project>